
Microsoft Visual Studio Solution File, Format Version 12.00
# Visual Studio Version 17
VisualStudioVersion = 17.0.31912.275
MinimumVisualStudioVersion = 10.0.40219.1
Project("{FAE04EC0-301F-11D3-BF4B-00C04F79EFBC}") = "StudentActivity", "StudentActivity\StudentActivity.csproj", "{D82B3474-2098-49FC-BE5F-5BC60D97A22A}"
EndProject
Global
	GlobalSection(SolutionConfigurationPlatforms) = preSolution
		Debug|Any CPU = Debug|Any CPU
		Release|Any CPU = Release|Any CPU
	EndGlobalSection
	GlobalSection(ProjectConfigurationPlatforms) = postSolution
		{D82B3474-2098-49FC-BE5F-5BC60D97A22A}.Debug|Any CPU.ActiveCfg = Debug|Any CPU
		{D82B3474-2098-49FC-BE5F-5BC60D97A22A}.Debug|Any CPU.Build.0 = Debug|Any CPU
		{D82B3474-2098-49FC-BE5F-5BC60D97A22A}.Release|Any CPU.ActiveCfg = Release|Any CPU
		{D82B3474-2098-49FC-BE5F-5BC60D97A22A}.Release|Any CPU.Build.0 = Release|Any CPU
	EndGlobalSection
	GlobalSection(SolutionProperties) = preSolution
		HideSolutionNode = FALSE
	EndGlobalSection
	GlobalSection(ExtensibilityGlobals) = postSolution
		SolutionGuid = {3831B8FC-B9FF-4C39-B2D5-6D4288B3A67C}
	EndGlobalSection
EndGlobal
