
Microsoft Visual Studio Solution File, Format Version 12.00
# Visual Studio Version 17
VisualStudioVersion = 17.0.31912.275
MinimumVisualStudioVersion = 10.0.40219.1
Project("{FAE04EC0-301F-11D3-BF4B-00C04F79EFBC}") = "StudentActivityProject", "StudentActivityProject\StudentActivityProject.csproj", "{252343A9-844C-49C2-9C7D-7F3EDBB9187E}"
EndProject
Global
	GlobalSection(SolutionConfigurationPlatforms) = preSolution
		Debug|Any CPU = Debug|Any CPU
		Release|Any CPU = Release|Any CPU
	EndGlobalSection
	GlobalSection(ProjectConfigurationPlatforms) = postSolution
		{252343A9-844C-49C2-9C7D-7F3EDBB9187E}.Debug|Any CPU.ActiveCfg = Debug|Any CPU
		{252343A9-844C-49C2-9C7D-7F3EDBB9187E}.Debug|Any CPU.Build.0 = Debug|Any CPU
		{252343A9-844C-49C2-9C7D-7F3EDBB9187E}.Release|Any CPU.ActiveCfg = Release|Any CPU
		{252343A9-844C-49C2-9C7D-7F3EDBB9187E}.Release|Any CPU.Build.0 = Release|Any CPU
	EndGlobalSection
	GlobalSection(SolutionProperties) = preSolution
		HideSolutionNode = FALSE
	EndGlobalSection
	GlobalSection(ExtensibilityGlobals) = postSolution
		SolutionGuid = {1F2BB643-E3AE-41AB-BA32-A8F88BE7750A}
	EndGlobalSection
EndGlobal
